
Microsoft Visual Studio Solution File, Format Version 12.00
# Visual Studio Version 17
VisualStudioVersion = 17.3.32804.467
MinimumVisualStudioVersion = 10.0.40219.1
Project("{9A19103F-16F7-4668-BE54-9A1E7A4F7556}") = "bamux", "bamux.csproj", "{1AB7282F-0D0F-448A-A3FE-5B1BBDEAD6A9}"
EndProject
Project("{2150E333-8FDC-42A3-9474-1A3956D46DE8}") = "submodules", "submodules", "{2F18131F-4936-4302-8DD3-5AE57DEE9B5C}"
EndProject
Project("{9A19103F-16F7-4668-BE54-9A1E7A4F7556}") = "bam.core", "submodules\bam.core\bam.core\bam.core.csproj", "{44C96679-CB36-4F29-91D9-D39F96D90C67}"
EndProject
Project("{D954291E-2A0B-460D-934E-DC6B0785DB48}") = "bam.net.shared", "submodules\bam.core\submodules\bam.net.shared\bam.net.shared.shproj", "{8F2CB78E-8C2E-45C6-97A0-C38F60A85E98}"
EndProject
Global
	GlobalSection(SolutionConfigurationPlatforms) = preSolution
		Debug|Any CPU = Debug|Any CPU
		Release|Any CPU = Release|Any CPU
	EndGlobalSection
	GlobalSection(ProjectConfigurationPlatforms) = postSolution
		{1AB7282F-0D0F-448A-A3FE-5B1BBDEAD6A9}.Debug|Any CPU.ActiveCfg = Debug|Any CPU
		{1AB7282F-0D0F-448A-A3FE-5B1BBDEAD6A9}.Debug|Any CPU.Build.0 = Debug|Any CPU
		{1AB7282F-0D0F-448A-A3FE-5B1BBDEAD6A9}.Release|Any CPU.ActiveCfg = Release|Any CPU
		{1AB7282F-0D0F-448A-A3FE-5B1BBDEAD6A9}.Release|Any CPU.Build.0 = Release|Any CPU
		{44C96679-CB36-4F29-91D9-D39F96D90C67}.Debug|Any CPU.ActiveCfg = Debug|Any CPU
		{44C96679-CB36-4F29-91D9-D39F96D90C67}.Debug|Any CPU.Build.0 = Debug|Any CPU
		{44C96679-CB36-4F29-91D9-D39F96D90C67}.Release|Any CPU.ActiveCfg = Release|Any CPU
		{44C96679-CB36-4F29-91D9-D39F96D90C67}.Release|Any CPU.Build.0 = Release|Any CPU
	EndGlobalSection
	GlobalSection(SolutionProperties) = preSolution
		HideSolutionNode = FALSE
	EndGlobalSection
	GlobalSection(NestedProjects) = preSolution
		{44C96679-CB36-4F29-91D9-D39F96D90C67} = {2F18131F-4936-4302-8DD3-5AE57DEE9B5C}
		{8F2CB78E-8C2E-45C6-97A0-C38F60A85E98} = {2F18131F-4936-4302-8DD3-5AE57DEE9B5C}
	EndGlobalSection
	GlobalSection(ExtensibilityGlobals) = postSolution
		SolutionGuid = {9703BBAA-F3DB-4567-808C-865BEDC0326A}
	EndGlobalSection
	GlobalSection(SharedMSBuildProjectFiles) = preSolution
		submodules\bam.core\submodules\bam.net.shared\bam.net.shared.projitems*{44c96679-cb36-4f29-91d9-d39f96d90c67}*SharedItemsImports = 5
		submodules\bam.core\submodules\bam.net.shared\bam.net.shared.projitems*{8f2cb78e-8c2e-45c6-97a0-c38f60a85e98}*SharedItemsImports = 13
	EndGlobalSection
EndGlobal
